// !$*UTF8*$!
{
	archiveVersion = 1;
	classes = {
	};
	objectVersion = 46;
	objects = {

/* Begin PBXBuildFile section */
		C6DA41D61C51ED090095DE30 /* AppDelegate.swift in Sources */ = {isa = PBXBuildFile; fileRef = C6DA41D51C51ED090095DE30 /* AppDelegate.swift */; };
		C6DA41D81C51ED090095DE30 /* MainController.swift in Sources */ = {isa = PBXBuildFile; fileRef = C6DA41D71C51ED090095DE30 /* MainController.swift */; };
		C6DA41DB1C51ED090095DE30 /* Main.storyboard in Resources */ = {isa = PBXBuildFile; fileRef = C6DA41D91C51ED090095DE30 /* Main.storyboard */; };
		C6DA41DD1C51ED090095DE30 /* Assets.xcassets in Resources */ = {isa = PBXBuildFile; fileRef = C6DA41DC1C51ED090095DE30 /* Assets.xcassets */; };
		C6DA41E01C51ED090095DE30 /* LaunchScreen.storyboard in Resources */ = {isa = PBXBuildFile; fileRef = C6DA41DE1C51ED090095DE30 /* LaunchScreen.storyboard */; };
		C6DA41FC1C51EF170095DE30 /* DaumSpeech.framework in Frameworks */ = {isa = PBXBuildFile; fileRef = C6DA41FB1C51EF170095DE30 /* DaumSpeech.framework */; };
		C6DA41FE1C51EF340095DE30 /* MediaPlayer.framework in Frameworks */ = {isa = PBXBuildFile; fileRef = C6DA41FD1C51EF340095DE30 /* MediaPlayer.framework */; };
		C6DA42001C51EF3F0095DE30 /* SystemConfiguration.framework in Frameworks */ = {isa = PBXBuildFile; fileRef = C6DA41FF1C51EF3F0095DE30 /* SystemConfiguration.framework */; };
		C6DA42021C51EF4B0095DE30 /* QuartzCore.framework in Frameworks */ = {isa = PBXBuildFile; fileRef = C6DA42011C51EF4B0095DE30 /* QuartzCore.framework */; };
		C6DA42041C51EF530095DE30 /* AVFoundation.framework in Frameworks */ = {isa = PBXBuildFile; fileRef = C6DA42031C51EF530095DE30 /* AVFoundation.framework */; };
		C6DA42061C51EF650095DE30 /* AudioToolbox.framework in Frameworks */ = {isa = PBXBuildFile; fileRef = C6DA42051C51EF650095DE30 /* AudioToolbox.framework */; };
		C6DA42081C51EF6F0095DE30 /* UIKit.framework in Frameworks */ = {isa = PBXBuildFile; fileRef = C6DA42071C51EF6F0095DE30 /* UIKit.framework */; };
		C6DA420A1C51EF760095DE30 /* Foundation.framework in Frameworks */ = {isa = PBXBuildFile; fileRef = C6DA42091C51EF760095DE30 /* Foundation.framework */; };
		C6DA420C1C51EF820095DE30 /* CoreGraphics.framework in Frameworks */ = {isa = PBXBuildFile; fileRef = C6DA420B1C51EF820095DE30 /* CoreGraphics.framework */; };
		C6DA42101C51EFA90095DE30 /* libstdc++.6.0.9.tbd in Frameworks */ = {isa = PBXBuildFile; fileRef = C6DA420D1C51EFA90095DE30 /* libstdc++.6.0.9.tbd */; };
		C6DA42111C51EFA90095DE30 /* libstdc++.6.tbd in Frameworks */ = {isa = PBXBuildFile; fileRef = C6DA420E1C51EFA90095DE30 /* libstdc++.6.tbd */; };
		C6DA42121C51EFA90095DE30 /* libstdc++.tbd in Frameworks */ = {isa = PBXBuildFile; fileRef = C6DA420F1C51EFA90095DE30 /* libstdc++.tbd */; };
		C6DA42141C51F01C0095DE30 /* SpeechRecognizerDefault.strings in Resources */ = {isa = PBXBuildFile; fileRef = C6DA42131C51F01C0095DE30 /* SpeechRecognizerDefault.strings */; };
		C6DA42181C51F39F0095DE30 /* FingerAuthController.swift in Sources */ = {isa = PBXBuildFile; fileRef = C6DA42171C51F39F0095DE30 /* FingerAuthController.swift */; };
		C6DA421B1C51F4320095DE30 /* SpeechAuthController.m in Sources */ = {isa = PBXBuildFile; fileRef = C6DA421A1C51F4320095DE30 /* SpeechAuthController.m */; };
		C6DA421D1C51F73C0095DE30 /* SpeechAuthController.h in Sources */ = {isa = PBXBuildFile; fileRef = C6DA421C1C51F4530095DE30 /* SpeechAuthController.h */; };
/* End PBXBuildFile section */

/* Begin PBXFileReference section */
		C6DA41D21C51ED090095DE30 /* LOTTE_AuthModule.app */ = {isa = PBXFileReference; explicitFileType = wrapper.application; includeInIndex = 0; path = LOTTE_AuthModule.app; sourceTree = BUILT_PRODUCTS_DIR; };
		C6DA41D51C51ED090095DE30 /* AppDelegate.swift */ = {isa = PBXFileReference; lastKnownFileType = sourcecode.swift; path = AppDelegate.swift; sourceTree = "<group>"; };
		C6DA41D71C51ED090095DE30 /* MainController.swift */ = {isa = PBXFileReference; lastKnownFileType = sourcecode.swift; path = MainController.swift; sourceTree = "<group>"; };
		C6DA41DA1C51ED090095DE30 /* Base */ = {isa = PBXFileReference; lastKnownFileType = file.storyboard; name = Base; path = Base.lproj/Main.storyboard; sourceTree = "<group>"; };
		C6DA41DC1C51ED090095DE30 /* Assets.xcassets */ = {isa = PBXFileReference; lastKnownFileType = folder.assetcatalog; path = Assets.xcassets; sourceTree = "<group>"; };
		C6DA41DF1C51ED090095DE30 /* Base */ = {isa = PBXFileReference; lastKnownFileType = file.storyboard; name = Base; path = Base.lproj/LaunchScreen.storyboard; sourceTree = "<group>"; };
		C6DA41E11C51ED090095DE30 /* Info.plist */ = {isa = PBXFileReference; lastKnownFileType = text.plist.xml; path = Info.plist; sourceTree = "<group>"; };
		C6DA41FB1C51EF170095DE30 /* DaumSpeech.framework */ = {isa = PBXFileReference; lastKnownFileType = wrapper.framework; path = DaumSpeech.framework; sourceTree = "<group>"; };
		C6DA41FD1C51EF340095DE30 /* MediaPlayer.framework */ = {isa = PBXFileReference; lastKnownFileType = wrapper.framework; name = MediaPlayer.framework; path = System/Library/Frameworks/MediaPlayer.framework; sourceTree = SDKROOT; };
		C6DA41FF1C51EF3F0095DE30 /* SystemConfiguration.framework */ = {isa = PBXFileReference; lastKnownFileType = wrapper.framework; name = SystemConfiguration.framework; path = System/Library/Frameworks/SystemConfiguration.framework; sourceTree = SDKROOT; };
		C6DA42011C51EF4B0095DE30 /* QuartzCore.framework */ = {isa = PBXFileReference; lastKnownFileType = wrapper.framework; name = QuartzCore.framework; path = System/Library/Frameworks/QuartzCore.framework; sourceTree = SDKROOT; };
		C6DA42031C51EF530095DE30 /* AVFoundation.framework */ = {isa = PBXFileReference; lastKnownFileType = wrapper.framework; name = AVFoundation.framework; path = System/Library/Frameworks/AVFoundation.framework; sourceTree = SDKROOT; };
		C6DA42051C51EF650095DE30 /* AudioToolbox.framework */ = {isa = PBXFileReference; lastKnownFileType = wrapper.framework; name = AudioToolbox.framework; path = System/Library/Frameworks/AudioToolbox.framework; sourceTree = SDKROOT; };
		C6DA42071C51EF6F0095DE30 /* UIKit.framework */ = {isa = PBXFileReference; lastKnownFileType = wrapper.framework; name = UIKit.framework; path = System/Library/Frameworks/UIKit.framework; sourceTree = SDKROOT; };
		C6DA42091C51EF760095DE30 /* Foundation.framework */ = {isa = PBXFileReference; lastKnownFileType = wrapper.framework; name = Foundation.framework; path = System/Library/Frameworks/Foundation.framework; sourceTree = SDKROOT; };
		C6DA420B1C51EF820095DE30 /* CoreGraphics.framework */ = {isa = PBXFileReference; lastKnownFileType = wrapper.framework; name = CoreGraphics.framework; path = System/Library/Frameworks/CoreGraphics.framework; sourceTree = SDKROOT; };
		C6DA420D1C51EFA90095DE30 /* libstdc++.6.0.9.tbd */ = {isa = PBXFileReference; lastKnownFileType = "sourcecode.text-based-dylib-definition"; name = "libstdc++.6.0.9.tbd"; path = "usr/lib/libstdc++.6.0.9.tbd"; sourceTree = SDKROOT; };
		C6DA420E1C51EFA90095DE30 /* libstdc++.6.tbd */ = {isa = PBXFileReference; lastKnownFileType = "sourcecode.text-based-dylib-definition"; name = "libstdc++.6.tbd"; path = "usr/lib/libstdc++.6.tbd"; sourceTree = SDKROOT; };
		C6DA420F1C51EFA90095DE30 /* libstdc++.tbd */ = {isa = PBXFileReference; lastKnownFileType = "sourcecode.text-based-dylib-definition"; name = "libstdc++.tbd"; path = "usr/lib/libstdc++.tbd"; sourceTree = SDKROOT; };
		C6DA42131C51F01C0095DE30 /* SpeechRecognizerDefault.strings */ = {isa = PBXFileReference; fileEncoding = 4; lastKnownFileType = text.plist.strings; path = SpeechRecognizerDefault.strings; sourceTree = "<group>"; };
		C6DA42171C51F39F0095DE30 /* FingerAuthController.swift */ = {isa = PBXFileReference; fileEncoding = 4; lastKnownFileType = sourcecode.swift; path = FingerAuthController.swift; sourceTree = "<group>"; };
		C6DA42191C51F4310095DE30 /* LOTTE_AuthModule-Bridging-Header.h */ = {isa = PBXFileReference; lastKnownFileType = sourcecode.c.h; path = "LOTTE_AuthModule-Bridging-Header.h"; sourceTree = "<group>"; };
		C6DA421A1C51F4320095DE30 /* SpeechAuthController.m */ = {isa = PBXFileReference; fileEncoding = 4; lastKnownFileType = sourcecode.c.objc; path = SpeechAuthController.m; sourceTree = "<group>"; };
		C6DA421C1C51F4530095DE30 /* SpeechAuthController.h */ = {isa = PBXFileReference; fileEncoding = 4; lastKnownFileType = sourcecode.c.h; path = SpeechAuthController.h; sourceTree = "<group>"; };
/* End PBXFileReference section */

/* Begin PBXFrameworksBuildPhase section */
		C6DA41CF1C51ED090095DE30 /* Frameworks */ = {
			isa = PBXFrameworksBuildPhase;
			buildActionMask = 2147483647;
			files = (
				C6DA42101C51EFA90095DE30 /* libstdc++.6.0.9.tbd in Frameworks */,
				C6DA42111C51EFA90095DE30 /* libstdc++.6.tbd in Frameworks */,
				C6DA42121C51EFA90095DE30 /* libstdc++.tbd in Frameworks */,
				C6DA420C1C51EF820095DE30 /* CoreGraphics.framework in Frameworks */,
				C6DA420A1C51EF760095DE30 /* Foundation.framework in Frameworks */,
				C6DA42081C51EF6F0095DE30 /* UIKit.framework in Frameworks */,
				C6DA42061C51EF650095DE30 /* AudioToolbox.framework in Frameworks */,
				C6DA42041C51EF530095DE30 /* AVFoundation.framework in Frameworks */,
				C6DA42021C51EF4B0095DE30 /* QuartzCore.framework in Frameworks */,
				C6DA42001C51EF3F0095DE30 /* SystemConfiguration.framework in Frameworks */,
				C6DA41FE1C51EF340095DE30 /* MediaPlayer.framework in Frameworks */,
				C6DA41FC1C51EF170095DE30 /* DaumSpeech.framework in Frameworks */,
			);
			runOnlyForDeploymentPostprocessing = 0;
		};
/* End PBXFrameworksBuildPhase section */

/* Begin PBXGroup section */
		C6DA41C91C51ED090095DE30 = {
			isa = PBXGroup;
			children = (
				C6DA41D41C51ED090095DE30 /* LOTTE_AuthModule */,
				C6DA41D31C51ED090095DE30 /* Products */,
				C6DA41E81C51EE980095DE30 /* Resource */,
				C6DA41E71C51EE8C0095DE30 /* Frameworks */,
			);
			sourceTree = "<group>";
		};
		C6DA41D31C51ED090095DE30 /* Products */ = {
			isa = PBXGroup;
			children = (
				C6DA41D21C51ED090095DE30 /* LOTTE_AuthModule.app */,
			);
			name = Products;
			sourceTree = "<group>";
		};
		C6DA41D41C51ED090095DE30 /* LOTTE_AuthModule */ = {
			isa = PBXGroup;
			children = (
				C6DA42161C51F0990095DE30 /* Controller */,
				C6DA42151C51F0790095DE30 /* ObjectC-Part */,
				C6DA41D51C51ED090095DE30 /* AppDelegate.swift */,
				C6DA41D91C51ED090095DE30 /* Main.storyboard */,
				C6DA41DC1C51ED090095DE30 /* Assets.xcassets */,
				C6DA41DE1C51ED090095DE30 /* LaunchScreen.storyboard */,
				C6DA41E11C51ED090095DE30 /* Info.plist */,
			);
			path = LOTTE_AuthModule;
			sourceTree = "<group>";
		};
		C6DA41E71C51EE8C0095DE30 /* Frameworks */ = {
			isa = PBXGroup;
			children = (
				C6DA420D1C51EFA90095DE30 /* libstdc++.6.0.9.tbd */,
				C6DA420E1C51EFA90095DE30 /* libstdc++.6.tbd */,
				C6DA420F1C51EFA90095DE30 /* libstdc++.tbd */,
				C6DA420B1C51EF820095DE30 /* CoreGraphics.framework */,
				C6DA42091C51EF760095DE30 /* Foundation.framework */,
				C6DA42071C51EF6F0095DE30 /* UIKit.framework */,
				C6DA42051C51EF650095DE30 /* AudioToolbox.framework */,
				C6DA42031C51EF530095DE30 /* AVFoundation.framework */,
				C6DA42011C51EF4B0095DE30 /* QuartzCore.framework */,
				C6DA41FF1C51EF3F0095DE30 /* SystemConfiguration.framework */,
				C6DA41FD1C51EF340095DE30 /* MediaPlayer.framework */,
				C6DA41FB1C51EF170095DE30 /* DaumSpeech.framework */,
			);
			name = Frameworks;
			sourceTree = "<group>";
		};
		C6DA41E81C51EE980095DE30 /* Resource */ = {
			isa = PBXGroup;
			children = (
				C6DA42131C51F01C0095DE30 /* SpeechRecognizerDefault.strings */,
			);
			name = Resource;
			sourceTree = "<group>";
		};
		C6DA42151C51F0790095DE30 /* ObjectC-Part */ = {
			isa = PBXGroup;
			children = (
				C6DA421C1C51F4530095DE30 /* SpeechAuthController.h */,
				C6DA421A1C51F4320095DE30 /* SpeechAuthController.m */,
				C6DA42191C51F4310095DE30 /* LOTTE_AuthModule-Bridging-Header.h */,
			);
			name = "ObjectC-Part";
			sourceTree = "<group>";
		};
		C6DA42161C51F0990095DE30 /* Controller */ = {
			isa = PBXGroup;
			children = (
				C6DA42171C51F39F0095DE30 /* FingerAuthController.swift */,
				C6DA41D71C51ED090095DE30 /* MainController.swift */,
			);
			name = Controller;
			sourceTree = "<group>";
		};
/* End PBXGroup section */

/* Begin PBXNativeTarget section */
		C6DA41D11C51ED090095DE30 /* LOTTE_AuthModule */ = {
			isa = PBXNativeTarget;
			buildConfigurationList = C6DA41E41C51ED090095DE30 /* Build configuration list for PBXNativeTarget "LOTTE_AuthModule" */;
			buildPhases = (
				C6DA41CE1C51ED090095DE30 /* Sources */,
				C6DA41CF1C51ED090095DE30 /* Frameworks */,
				C6DA41D01C51ED090095DE30 /* Resources */,
			);
			buildRules = (
			);
			dependencies = (
			);
			name = LOTTE_AuthModule;
			productName = LOTTE_AuthModule;
			productReference = C6DA41D21C51ED090095DE30 /* LOTTE_AuthModule.app */;
			productType = "com.apple.product-type.application";
		};
/* End PBXNativeTarget section */

/* Begin PBXProject section */
		C6DA41CA1C51ED090095DE30 /* Project object */ = {
			isa = PBXProject;
			attributes = {
				LastSwiftUpdateCheck = 0720;
				LastUpgradeCheck = 0720;
				ORGANIZATIONNAME = Jay;
				TargetAttributes = {
					C6DA41D11C51ED090095DE30 = {
						CreatedOnToolsVersion = 7.2;
						DevelopmentTeam = L3H9BS88CU;
					};
				};
			};
			buildConfigurationList = C6DA41CD1C51ED090095DE30 /* Build configuration list for PBXProject "LOTTE_AuthModule" */;
			compatibilityVersion = "Xcode 3.2";
			developmentRegion = English;
			hasScannedForEncodings = 0;
			knownRegions = (
				en,
				Base,
			);
			mainGroup = C6DA41C91C51ED090095DE30;
			productRefGroup = C6DA41D31C51ED090095DE30 /* Products */;
			projectDirPath = "";
			projectRoot = "";
			targets = (
				C6DA41D11C51ED090095DE30 /* LOTTE_AuthModule */,
			);
		};
/* End PBXProject section */

/* Begin PBXResourcesBuildPhase section */
		C6DA41D01C51ED090095DE30 /* Resources */ = {
			isa = PBXResourcesBuildPhase;
			buildActionMask = 2147483647;
			files = (
				C6DA42141C51F01C0095DE30 /* SpeechRecognizerDefault.strings in Resources */,
				C6DA41E01C51ED090095DE30 /* LaunchScreen.storyboard in Resources */,
				C6DA41DD1C51ED090095DE30 /* Assets.xcassets in Resources */,
				C6DA41DB1C51ED090095DE30 /* Main.storyboard in Resources */,
			);
			runOnlyForDeploymentPostprocessing = 0;
		};
/* End PBXResourcesBuildPhase section */

/* Begin PBXSourcesBuildPhase section */
		C6DA41CE1C51ED090095DE30 /* Sources */ = {
			isa = PBXSourcesBuildPhase;
			buildActionMask = 2147483647;
			files = (
				C6DA421D1C51F73C0095DE30 /* SpeechAuthController.h in Sources */,
				C6DA42181C51F39F0095DE30 /* FingerAuthController.swift in Sources */,
				C6DA41D81C51ED090095DE30 /* MainController.swift in Sources */,
				C6DA41D61C51ED090095DE30 /* AppDelegate.swift in Sources */,
				C6DA421B1C51F4320095DE30 /* SpeechAuthController.m in Sources */,
			);
			runOnlyForDeploymentPostprocessing = 0;
		};
/* End PBXSourcesBuildPhase section */

/* Begin PBXVariantGroup section */
		C6DA41D91C51ED090095DE30 /* Main.storyboard */ = {
			isa = PBXVariantGroup;
			children = (
				C6DA41DA1C51ED090095DE30 /* Base */,
			);
			name = Main.storyboard;
			sourceTree = "<group>";
		};
		C6DA41DE1C51ED090095DE30 /* LaunchScreen.storyboard */ = {
			isa = PBXVariantGroup;
			children = (
				C6DA41DF1C51ED090095DE30 /* Base */,
			);
			name = LaunchScreen.storyboard;
			sourceTree = "<group>";
		};
/* End PBXVariantGroup section */

/* Begin XCBuildConfiguration section */
		C6DA41E21C51ED090095DE30 /* Debug */ = {
			isa = XCBuildConfiguration;
			buildSettings = {
				ALWAYS_SEARCH_USER_PATHS = NO;
				CLANG_CXX_LANGUAGE_STANDARD = "gnu++0x";
				CLANG_CXX_LIBRARY = "libc++";
				CLANG_ENABLE_MODULES = YES;
				CLANG_ENABLE_OBJC_ARC = YES;
				CLANG_WARN_BOOL_CONVERSION = YES;
				CLANG_WARN_CONSTANT_CONVERSION = YES;
				CLANG_WARN_DIRECT_OBJC_ISA_USAGE = YES_ERROR;
				CLANG_WARN_EMPTY_BODY = YES;
				CLANG_WARN_ENUM_CONVERSION = YES;
				CLANG_WARN_INT_CONVERSION = YES;
				CLANG_WARN_OBJC_ROOT_CLASS = YES_ERROR;
				CLANG_WARN_UNREACHABLE_CODE = YES;
				CLANG_WARN__DUPLICATE_METHOD_MATCH = YES;
				"CODE_SIGN_IDENTITY[sdk=iphoneos*]" = "iPhone Developer";
				COPY_PHASE_STRIP = NO;
				DEBUG_INFORMATION_FORMAT = dwarf;
				ENABLE_STRICT_OBJC_MSGSEND = YES;
				ENABLE_TESTABILITY = YES;
				GCC_C_LANGUAGE_STANDARD = gnu99;
				GCC_DYNAMIC_NO_PIC = NO;
				GCC_NO_COMMON_BLOCKS = YES;
				GCC_OPTIMIZATION_LEVEL = 0;
				GCC_PREPROCESSOR_DEFINITIONS = (
					"DEBUG=1",
					"$(inherited)",
				);
				GCC_WARN_64_TO_32_BIT_CONVERSION = YES;
				GCC_WARN_ABOUT_RETURN_TYPE = YES_ERROR;
				GCC_WARN_UNDECLARED_SELECTOR = YES;
				GCC_WARN_UNINITIALIZED_AUTOS = YES_AGGRESSIVE;
				GCC_WARN_UNUSED_FUNCTION = YES;
				GCC_WARN_UNUSED_VARIABLE = YES;
				IPHONEOS_DEPLOYMENT_TARGET = 9.2;
				MTL_ENABLE_DEBUG_INFO = YES;
				ONLY_ACTIVE_ARCH = YES;
				SDKROOT = iphoneos;
				SWIFT_OPTIMIZATION_LEVEL = "-Onone";
			};
			name = Debug;
		};
		C6DA41E31C51ED090095DE30 /* Release */ = {
			isa = XCBuildConfiguration;
			buildSettings = {
				ALWAYS_SEARCH_USER_PATHS = NO;
				CLANG_CXX_LANGUAGE_STANDARD = "gnu++0x";
				CLANG_CXX_LIBRARY = "libc++";
				CLANG_ENABLE_MODULES = YES;
				CLANG_ENABLE_OBJC_ARC = YES;
				CLANG_WARN_BOOL_CONVERSION = YES;
				CLANG_WARN_CONSTANT_CONVERSION = YES;
				CLANG_WARN_DIRECT_OBJC_ISA_USAGE = YES_ERROR;
				CLANG_WARN_EMPTY_BODY = YES;
				CLANG_WARN_ENUM_CONVERSION = YES;
				CLANG_WARN_INT_CONVERSION = YES;
				CLANG_WARN_OBJC_ROOT_CLASS = YES_ERROR;
				CLANG_WARN_UNREACHABLE_CODE = YES;
				CLANG_WARN__DUPLICATE_METHOD_MATCH = YES;
				"CODE_SIGN_IDENTITY[sdk=iphoneos*]" = "iPhone Developer";
				COPY_PHASE_STRIP = NO;
				DEBUG_INFORMATION_FORMAT = "dwarf-with-dsym";
				ENABLE_NS_ASSERTIONS = NO;
				ENABLE_STRICT_OBJC_MSGSEND = YES;
				GCC_C_LANGUAGE_STANDARD = gnu99;
				GCC_NO_COMMON_BLOCKS = YES;
				GCC_WARN_64_TO_32_BIT_CONVERSION = YES;
				GCC_WARN_ABOUT_RETURN_TYPE = YES_ERROR;
				GCC_WARN_UNDECLARED_SELECTOR = YES;
				GCC_WARN_UNINITIALIZED_AUTOS = YES_AGGRESSIVE;
				GCC_WARN_UNUSED_FUNCTION = YES;
				GCC_WARN_UNUSED_VARIABLE = YES;
				IPHONEOS_DEPLOYMENT_TARGET = 9.2;
				MTL_ENABLE_DEBUG_INFO = NO;
				SDKROOT = iphoneos;
				VALIDATE_PRODUCT = YES;
			};
			name = Release;
		};
		C6DA41E51C51ED090095DE30 /* Debug */ = {
			isa = XCBuildConfiguration;
			buildSettings = {
				ASSETCATALOG_COMPILER_APPICON_NAME = AppIcon;
				CLANG_ENABLE_MODULES = YES;
				FRAMEWORK_SEARCH_PATHS = (
					"$(inherited)",
					"$(PROJECT_DIR)",
				);
				INFOPLIST_FILE = LOTTE_AuthModule/Info.plist;
				LD_RUNPATH_SEARCH_PATHS = "$(inherited) @executable_path/Frameworks";
				PRODUCT_BUNDLE_IDENTIFIER = "Lotte.LOTTE-AuthModule";
				PRODUCT_NAME = "$(TARGET_NAME)";
				SWIFT_OBJC_BRIDGING_HEADER = "LOTTE_AuthModule/LOTTE_AuthModule-Bridging-Header.h";
				SWIFT_OPTIMIZATION_LEVEL = "-Onone";
			};
			name = Debug;
		};
		C6DA41E61C51ED090095DE30 /* Release */ = {
			isa = XCBuildConfiguration;
			buildSettings = {
				ASSETCATALOG_COMPILER_APPICON_NAME = AppIcon;
				CLANG_ENABLE_MODULES = YES;
				FRAMEWORK_SEARCH_PATHS = (
					"$(inherited)",
					"$(PROJECT_DIR)",
				);
				INFOPLIST_FILE = LOTTE_AuthModule/Info.plist;
				LD_RUNPATH_SEARCH_PATHS = "$(inherited) @executable_path/Frameworks";
				PRODUCT_BUNDLE_IDENTIFIER = "Lotte.LOTTE-AuthModule";
				PRODUCT_NAME = "$(TARGET_NAME)";
				SWIFT_OBJC_BRIDGING_HEADER = "LOTTE_AuthModule/LOTTE_AuthModule-Bridging-Header.h";
			};
			name = Release;
		};
/* End XCBuildConfiguration section */

/* Begin XCConfigurationList section */
		C6DA41CD1C51ED090095DE30 /* Build configuration list for PBXProject "LOTTE_AuthModule" */ = {
			isa = XCConfigurationList;
			buildConfigurations = (
				C6DA41E21C51ED090095DE30 /* Debug */,
				C6DA41E31C51ED090095DE30 /* Release */,
			);
			defaultConfigurationIsVisible = 0;
			defaultConfigurationName = Release;
		};
		C6DA41E41C51ED090095DE30 /* Build configuration list for PBXNativeTarget "LOTTE_AuthModule" */ = {
			isa = XCConfigurationList;
			buildConfigurations = (
				C6DA41E51C51ED090095DE30 /* Debug */,
				C6DA41E61C51ED090095DE30 /* Release */,
			);
			defaultConfigurationIsVisible = 0;
		};
/* End XCConfigurationList section */
	};
	rootObject = C6DA41CA1C51ED090095DE30 /* Project object */;
}
